{
  "name": "npm-explorer",
  "version": "1.0.0",
  "lockfileVersion": 3,
  "requires": true,
  "packages": {
    "": {
      "name": "npm-explorer",
      "version": "1.0.0",
      "os": [
        "darwin"
      ],
      "dependencies": {
        "actionui": "file:../ActionUI/ActionUINodeJS",
        "ajv": "^8.20.0"
      },
      "engines": {
        "node": ">=18.0.0"
      }
    },
    "../ActionUI/ActionUINodeJS": {
      "name": "actionui",
      "version": "1.0.0",
      "cpu": [
        "x64",
        "arm64"
      ],
      "hasInstallScript": true,
      "license": "MIT",
      "os": [
        "darwin"
      ],
      "dependencies": {
        "node-gyp-build": "^4.8.4"
      },
      "devDependencies": {
        "node-gyp": "^10.0.0",
        "prebuildify": "^6.0.1"
      },
      "engines": {
        "node": ">=18.0.0"
      }
    },
    "node_modules/actionui": {
      "resolved": "../ActionUI/ActionUINodeJS",
      "link": true
    }
  }
}
